
Microsoft Visual Studio Solution File, Format Version 12.00
# Visual Studio Version 16
VisualStudioVersion = 16.0.30611.23
MinimumVisualStudioVersion = 10.0.40219.1
Project("{FAE04EC0-301F-11D3-BF4B-00C04F79EFBC}") = "Woerterbuch", "Woerterbuch\Woerterbuch.csproj", "{0B5B970C-106D-4C21-965F-F9613A6E8AD4}"
EndProject
Project("{FAE04EC0-301F-11D3-BF4B-00C04F79EFBC}") = "WoerterbuchLogic", "WoerterbuchLogic\WoerterbuchLogic.csproj", "{38D6CC45-C4BD-47A3-A45B-1ECAA8780CB4}"
EndProject
Global
	GlobalSection(SolutionConfigurationPlatforms) = preSolution
		Debug|Any CPU = Debug|Any CPU
		Release|Any CPU = Release|Any CPU
	EndGlobalSection
	GlobalSection(ProjectConfigurationPlatforms) = postSolution
		{0B5B970C-106D-4C21-965F-F9613A6E8AD4}.Debug|Any CPU.ActiveCfg = Debug|Any CPU
		{0B5B970C-106D-4C21-965F-F9613A6E8AD4}.Debug|Any CPU.Build.0 = Debug|Any CPU
		{0B5B970C-106D-4C21-965F-F9613A6E8AD4}.Release|Any CPU.ActiveCfg = Release|Any CPU
		{0B5B970C-106D-4C21-965F-F9613A6E8AD4}.Release|Any CPU.Build.0 = Release|Any CPU
		{38D6CC45-C4BD-47A3-A45B-1ECAA8780CB4}.Debug|Any CPU.ActiveCfg = Debug|Any CPU
		{38D6CC45-C4BD-47A3-A45B-1ECAA8780CB4}.Debug|Any CPU.Build.0 = Debug|Any CPU
		{38D6CC45-C4BD-47A3-A45B-1ECAA8780CB4}.Release|Any CPU.ActiveCfg = Release|Any CPU
		{38D6CC45-C4BD-47A3-A45B-1ECAA8780CB4}.Release|Any CPU.Build.0 = Release|Any CPU
	EndGlobalSection
	GlobalSection(SolutionProperties) = preSolution
		HideSolutionNode = FALSE
	EndGlobalSection
	GlobalSection(ExtensibilityGlobals) = postSolution
		SolutionGuid = {E9FA220B-ADE6-492F-BC6E-E69F1DE8D0D3}
	EndGlobalSection
EndGlobal
